# THIS IS AN AUTOGENERATED FILE. DO NOT EDIT THIS FILE DIRECTLY.
# yarn lockfile v1


"@types/bson@*":
  version "4.0.0"
  resolved "https://registry.yarnpkg.com/@types/bson/-/bson-4.0.0.tgz#9073772679d749116eb1dfca56f8eaac6d59cc7a"
  integrity sha512-pq/rqJwJWkbS10crsG5bgnrisL8pML79KlMKQMoQwLUjlPAkrUHMvHJ3oGwE7WHR61Lv/nadMwXVAD2b+fpD8Q==
  dependencies:
    "@types/node" "*"

"@types/cheerio@^0.22.11":
  version "0.22.11"
  resolved "https://registry.yarnpkg.com/@types/cheerio/-/cheerio-0.22.11.tgz#61c0facf9636d14ba5f77fc65ed8913aa845d717"
  integrity sha512-x0X3kPbholdJZng9wDMhb2swvUi3UYRNAuWAmIPIWlfgAJZp//cql/qblE7181Mg7SjWVwq6ldCPCLn5AY/e7w==
  dependencies:
    "@types/node" "*"

"@types/mongodb@^3.1.22":
  version "3.1.22"
  resolved "https://registry.yarnpkg.com/@types/mongodb/-/mongodb-3.1.22.tgz#66f96c7acbf7135ce6295a8d6c26f1d97388a84b"
  integrity sha512-hvNR0txBlJJAy1eZOeIDshW4dnQaC694COou4eHHaMdIcteCfoCQATD7sYNlXxNxfTc1iIbHUi7A8CAhQe08uA==
  dependencies:
    "@types/bson" "*"
    "@types/node" "*"

"@types/node@*":
  version "11.12.0"
  resolved "https://registry.yarnpkg.com/@types/node/-/node-11.12.0.tgz#ec5594728811dc2797e42396cfcdf786f2052c12"
  integrity sha512-Lg00egj78gM+4aE0Erw05cuDbvX9sLJbaaPwwRtdCdAMnIudqrQZ0oZX98Ek0yiSK/A2nubHgJfvII/rTT2Dwg==

arg@^4.1.0:
  version "4.1.0"
  resolved "https://registry.yarnpkg.com/arg/-/arg-4.1.0.tgz#583c518199419e0037abb74062c37f8519e575f0"
  integrity sha512-ZWc51jO3qegGkVh8Hwpv636EkbesNV5ZNQPCtRa+0qytRYPEs9IYT9qITY9buezqUH5uqyzlWLcufrzU2rffdg==

axios@^0.18.0:
  version "0.18.0"
  resolved "https://registry.yarnpkg.com/axios/-/axios-0.18.0.tgz#32d53e4851efdc0a11993b6cd000789d70c05102"
  integrity sha1-MtU+SFHv3AoRmTts0AB4nXDAUQI=
  dependencies:
    follow-redirects "^1.3.0"
    is-buffer "^1.1.5"

boolbase@~1.0.0:
  version "1.0.0"
  resolved "https://registry.yarnpkg.com/boolbase/-/boolbase-1.0.0.tgz#68dff5fbe60c51eb37725ea9e3ed310dcc1e776e"
  integrity sha1-aN/1++YMUes3cl6p4+0xDcwed24=

bson@^1.1.1:
  version "1.1.1"
  resolved "https://registry.yarnpkg.com/bson/-/bson-1.1.1.tgz#4330f5e99104c4e751e7351859e2d408279f2f13"
  integrity sha512-jCGVYLoYMHDkOsbwJZBCqwMHyH4c+wzgI9hG7Z6SZJRXWr+x58pdIbm2i9a/jFGCkRJqRUr8eoI7lDWa0hTkxg==

buffer-from@^1.0.0:
  version "1.1.1"
  resolved "https://registry.yarnpkg.com/buffer-from/-/buffer-from-1.1.1.tgz#32713bc028f75c02fdb710d7c7bcec1f2c6070ef"
  integrity sha512-MQcXEUbCKtEo7bhqEs6560Hyd4XaovZlO/k9V3hjVUF/zwW7KBVdSK4gIt/bzwS9MbR5qob+F5jusZsb0YQK2A==

cheerio@^1.0.0-rc.2:
  version "1.0.0-rc.2"
  resolved "https://registry.yarnpkg.com/cheerio/-/cheerio-1.0.0-rc.2.tgz#4b9f53a81b27e4d5dac31c0ffd0cfa03cc6830db"
  integrity sha1-S59TqBsn5NXawxwP/Qz6A8xoMNs=
  dependencies:
    css-select "~1.2.0"
    dom-serializer "~0.1.0"
    entities "~1.1.1"
    htmlparser2 "^3.9.1"
    lodash "^4.15.0"
    parse5 "^3.0.1"

css-select@~1.2.0:
  version "1.2.0"
  resolved "https://registry.yarnpkg.com/css-select/-/css-select-1.2.0.tgz#2b3a110539c5355f1cd8d314623e870b121ec858"
  integrity sha1-KzoRBTnFNV8c2NMUYj6HCxIeyFg=
  dependencies:
    boolbase "~1.0.0"
    css-what "2.1"
    domutils "1.5.1"
    nth-check "~1.0.1"

css-what@2.1:
  version "2.1.3"
  resolved "https://registry.yarnpkg.com/css-what/-/css-what-2.1.3.tgz#a6d7604573365fe74686c3f311c56513d88285f2"
  integrity sha512-a+EPoD+uZiNfh+5fxw2nO9QwFa6nJe2Or35fGY6Ipw1R3R4AGz1d1TEZrCegvw2YTmZ0jXirGYlzxxpYSHwpEg==

debug@^3.2.6:
  version "3.2.6"
  resolved "https://registry.yarnpkg.com/debug/-/debug-3.2.6.tgz#e83d17de16d8a7efb7717edbe5fb10135eee629b"
  integrity sha512-mel+jf7nrtEl5Pn1Qx46zARXKDpBbvzezse7p7LqINmdoIk8PYP5SySaxEmYv6TZ0JyEKA1hsCId6DIhgITtWQ==
  dependencies:
    ms "^2.1.1"

diff@^3.1.0:
  version "3.5.0"
  resolved "https://registry.yarnpkg.com/diff/-/diff-3.5.0.tgz#800c0dd1e0a8bfbc95835c202ad220fe317e5a12"
  integrity sha512-A46qtFgd+g7pDZinpnwiRJtxbC1hpgf0uzP3iG89scHk0AUC7A1TGxf5OiiOUv/JMZR8GOt8hL900hV0bOy5xA==

dom-serializer@0, dom-serializer@~0.1.0:
  version "0.1.1"
  resolved "https://registry.yarnpkg.com/dom-serializer/-/dom-serializer-0.1.1.tgz#1ec4059e284babed36eec2941d4a970a189ce7c0"
  integrity sha512-l0IU0pPzLWSHBcieZbpOKgkIn3ts3vAh7ZuFyXNwJxJXk/c4Gwj9xaTJwIDVQCXawWD0qb3IzMGH5rglQaO0XA==
  dependencies:
    domelementtype "^1.3.0"
    entities "^1.1.1"

domelementtype@1, domelementtype@^1.3.0, domelementtype@^1.3.1:
  version "1.3.1"
  resolved "https://registry.yarnpkg.com/domelementtype/-/domelementtype-1.3.1.tgz#d048c44b37b0d10a7f2a3d5fee3f4333d790481f"
  integrity sha512-BSKB+TSpMpFI/HOxCNr1O8aMOTZ8hT3pM3GQ0w/mWRmkhEDSFJkkyzz4XQsBV44BChwGkrDfMyjVD0eA2aFV3w==

domhandler@^2.3.0:
  version "2.4.2"
  resolved "https://registry.yarnpkg.com/domhandler/-/domhandler-2.4.2.tgz#8805097e933d65e85546f726d60f5eb88b44f803"
  integrity sha512-JiK04h0Ht5u/80fdLMCEmV4zkNh2BcoMFBmZ/91WtYZ8qVXSKjiw7fXMgFPnHcSZgOo3XdinHvmnDUeMf5R4wA==
  dependencies:
    domelementtype "1"

domutils@1.5.1:
  version "1.5.1"
  resolved "https://registry.yarnpkg.com/domutils/-/domutils-1.5.1.tgz#dcd8488a26f563d61079e48c9f7b7e32373682cf"
  integrity sha1-3NhIiib1Y9YQeeSMn3t+Mjc2gs8=
  dependencies:
    dom-serializer "0"
    domelementtype "1"

domutils@^1.5.1:
  version "1.7.0"
  resolved "https://registry.yarnpkg.com/domutils/-/domutils-1.7.0.tgz#56ea341e834e06e6748af7a1cb25da67ea9f8c2a"
  integrity sha512-Lgd2XcJ/NjEw+7tFvfKxOzCYKZsdct5lczQ2ZaQY8Djz7pfAD3Gbp8ySJWtreII/vDlMVmxwa6pHmdxIYgttDg==
  dependencies:
    dom-serializer "0"
    domelementtype "1"

entities@^1.1.1, entities@~1.1.1:
  version "1.1.2"
  resolved "https://registry.yarnpkg.com/entities/-/entities-1.1.2.tgz#bdfa735299664dfafd34529ed4f8522a275fea56"
  integrity sha512-f2LZMYl1Fzu7YSBKg+RoROelpOaNrcGmE9AZubeDfrCEia483oW4MI4VyFd5VNHIgQ/7qm1I0wUHK1eJnn2y2w==

follow-redirects@^1.3.0:
  version "1.7.0"
  resolved "https://registry.yarnpkg.com/follow-redirects/-/follow-redirects-1.7.0.tgz#489ebc198dc0e7f64167bd23b03c4c19b5784c76"
  integrity sha512-m/pZQy4Gj287eNy94nivy5wchN3Kp+Q5WgUPNy5lJSZ3sgkVKSYV/ZChMAQVIgx1SqfZ2zBZtPA2YlXIWxxJOQ==
  dependencies:
    debug "^3.2.6"

htmlparser2@^3.9.1:
  version "3.10.1"
  resolved "https://registry.yarnpkg.com/htmlparser2/-/htmlparser2-3.10.1.tgz#bd679dc3f59897b6a34bb10749c855bb53a9392f"
  integrity sha512-IgieNijUMbkDovyoKObU1DUhm1iwNYE/fuifEoEHfd1oZKZDaONBSkal7Y01shxsM49R4XaMdGez3WnF9UfiCQ==
  dependencies:
    domelementtype "^1.3.1"
    domhandler "^2.3.0"
    domutils "^1.5.1"
    entities "^1.1.1"
    inherits "^2.0.1"
    readable-stream "^3.1.1"

inherits@^2.0.1, inherits@^2.0.3:
  version "2.0.3"
  resolved "https://registry.yarnpkg.com/inherits/-/inherits-2.0.3.tgz#633c2c83e3da42a502f52466022480f4208261de"
  integrity sha1-Yzwsg+PaQqUC9SRmAiSA9CCCYd4=

is-buffer@^1.1.5:
  version "1.1.6"
  resolved "https://registry.yarnpkg.com/is-buffer/-/is-buffer-1.1.6.tgz#efaa2ea9daa0d7ab2ea13a97b2b8ad51fefbe8be"
  integrity sha512-NcdALwpXkTm5Zvvbk7owOUSvVvBKDgKP5/ewfXEznmQFfs4ZRmanOeKBTjRVjka3QFoN6XJ+9F3USqfHqTaU5w==

lodash@^4.15.0:
  version "4.17.11"
  resolved "https://registry.yarnpkg.com/lodash/-/lodash-4.17.11.tgz#b39ea6229ef607ecd89e2c8df12536891cac9b8d"
  integrity sha512-cQKh8igo5QUhZ7lg38DYWAxMvjSAKG0A8wGSVimP07SIUEK2UO+arSRKbRZWtelMtN5V0Hkwh5ryOto/SshYIg==

make-error@^1.1.1:
  version "1.3.5"
  resolved "https://registry.yarnpkg.com/make-error/-/make-error-1.3.5.tgz#efe4e81f6db28cadd605c70f29c831b58ef776c8"
  integrity sha512-c3sIjNUow0+8swNwVpqoH4YCShKNFkMaw6oH1mNS2haDZQqkeZFlHS3dhoeEbKKmJB4vXpJucU6oH75aDYeE9g==

memory-pager@^1.0.2:
  version "1.5.0"
  resolved "https://registry.yarnpkg.com/memory-pager/-/memory-pager-1.5.0.tgz#d8751655d22d384682741c972f2c3d6dfa3e66b5"
  integrity sha512-ZS4Bp4r/Zoeq6+NLJpP+0Zzm0pR8whtGPf1XExKLJBAczGMnSi3It14OiNCStjQjM6NU1okjQGSxgEZN8eBYKg==

mongodb-core@3.2.2:
  version "3.2.2"
  resolved "https://registry.yarnpkg.com/mongodb-core/-/mongodb-core-3.2.2.tgz#d1c084b34c102a98b4734087800115e639d907c5"
  integrity sha512-YRgC39MuzKL0uoGoRdTmV1e9m47NbMnYmuEx4IOkgWAGXPSEzRY7cwb3N0XMmrDMnD9vp7MysNyAriIIeGgIQg==
  dependencies:
    bson "^1.1.1"
    require_optional "^1.0.1"
    safe-buffer "^5.1.2"
  optionalDependencies:
    saslprep "^1.0.0"

mongodb@^3.2.2:
  version "3.2.2"
  resolved "https://registry.yarnpkg.com/mongodb/-/mongodb-3.2.2.tgz#49b592be3cd50097f78e0964488d18c2e189de20"
  integrity sha512-xQ6apOOV+w7VFApdaJpWhYhzartpjIDFQjG0AwgJkLh7dBs7PTsq4A3Bia2QWpDohmAzTBIdQVLMqqLy0mwt3Q==
  dependencies:
    mongodb-core "3.2.2"
    safe-buffer "^5.1.2"

ms@^2.1.1:
  version "2.1.1"
  resolved "https://registry.yarnpkg.com/ms/-/ms-2.1.1.tgz#30a5864eb3ebb0a66f2ebe6d727af06a09d86e0a"
  integrity sha512-tgp+dl5cGk28utYktBsrFqA7HKgrhgPsg6Z/EfhWI4gl1Hwq8B/GmY/0oXZ6nF8hDVesS/FpnYaD/kOWhYQvyg==

nth-check@~1.0.1:
  version "1.0.2"
  resolved "https://registry.yarnpkg.com/nth-check/-/nth-check-1.0.2.tgz#b2bd295c37e3dd58a3bf0700376663ba4d9cf05c"
  integrity sha512-WeBOdju8SnzPN5vTUJYxYUxLeXpCaVP5i5e0LF8fg7WORF2Wd7wFX/pk0tYZk7s8T+J7VLy0Da6J1+wCT0AtHg==
  dependencies:
    boolbase "~1.0.0"

parse5@^3.0.1:
  version "3.0.3"
  resolved "https://registry.yarnpkg.com/parse5/-/parse5-3.0.3.tgz#042f792ffdd36851551cf4e9e066b3874ab45b5c"
  integrity sha512-rgO9Zg5LLLkfJF9E6CCmXlSE4UVceloys8JrFqCcHloC3usd/kJCyPDwH2SOlzix2j3xaP9sUX3e8+kvkuleAA==
  dependencies:
    "@types/node" "*"

readable-stream@^3.1.1:
  version "3.2.0"
  resolved "https://registry.yarnpkg.com/readable-stream/-/readable-stream-3.2.0.tgz#de17f229864c120a9f56945756e4f32c4045245d"
  integrity sha512-RV20kLjdmpZuTF1INEb9IA3L68Nmi+Ri7ppZqo78wj//Pn62fCoJyV9zalccNzDD/OuJpMG4f+pfMl8+L6QdGw==
  dependencies:
    inherits "^2.0.3"
    string_decoder "^1.1.1"
    util-deprecate "^1.0.1"

require_optional@^1.0.1:
  version "1.0.1"
  resolved "https://registry.yarnpkg.com/require_optional/-/require_optional-1.0.1.tgz#4cf35a4247f64ca3df8c2ef208cc494b1ca8fc2e"
  integrity sha512-qhM/y57enGWHAe3v/NcwML6a3/vfESLe/sGM2dII+gEO0BpKRUkWZow/tyloNqJyN6kXSl3RyyM8Ll5D/sJP8g==
  dependencies:
    resolve-from "^2.0.0"
    semver "^5.1.0"

resolve-from@^2.0.0:
  version "2.0.0"
  resolved "https://registry.yarnpkg.com/resolve-from/-/resolve-from-2.0.0.tgz#9480ab20e94ffa1d9e80a804c7ea147611966b57"
  integrity sha1-lICrIOlP+h2egKgEx+oUdhGWa1c=

safe-buffer@^5.1.2, safe-buffer@~5.1.0:
  version "5.1.2"
  resolved "https://registry.yarnpkg.com/safe-buffer/-/safe-buffer-5.1.2.tgz#991ec69d296e0313747d59bdfd2b745c35f8828d"
  integrity sha512-Gd2UZBJDkXlY7GbJxfsE8/nvKkUEU1G38c1siN6QP6a9PT9MmHB8GnpscSmMJSoF8LOIrt8ud/wPtojys4G6+g==

saslprep@^1.0.0:
  version "1.0.2"
  resolved "https://registry.yarnpkg.com/saslprep/-/saslprep-1.0.2.tgz#da5ab936e6ea0bbae911ffec77534be370c9f52d"
  integrity sha512-4cDsYuAjXssUSjxHKRe4DTZC0agDwsCqcMqtJAQPzC74nJ7LfAJflAtC1Zed5hMzEQKj82d3tuzqdGNRsLJ4Gw==
  dependencies:
    sparse-bitfield "^3.0.3"

semver@^5.1.0:
  version "5.7.0"
  resolved "https://registry.yarnpkg.com/semver/-/semver-5.7.0.tgz#790a7cf6fea5459bac96110b29b60412dc8ff96b"
  integrity sha512-Ya52jSX2u7QKghxeoFGpLwCtGlt7j0oY9DYb5apt9nPlJ42ID+ulTXESnt/qAQcoSERyZ5sl3LDIOw0nAn/5DA==

source-map-support@^0.5.6:
  version "0.5.11"
  resolved "https://registry.yarnpkg.com/source-map-support/-/source-map-support-0.5.11.tgz#efac2ce0800355d026326a0ca23e162aeac9a4e2"
  integrity sha512-//sajEx/fGL3iw6fltKMdPvy8kL3kJ2O3iuYlRoT3k9Kb4BjOoZ+BZzaNHeuaruSt+Kf3Zk9tnfAQg9/AJqUVQ==
  dependencies:
    buffer-from "^1.0.0"
    source-map "^0.6.0"

source-map@^0.6.0:
  version "0.6.1"
  resolved "https://registry.yarnpkg.com/source-map/-/source-map-0.6.1.tgz#74722af32e9614e9c287a8d0bbde48b5e2f1a263"
  integrity sha512-UjgapumWlbMhkBgzT7Ykc5YXUT46F0iKu8SGXq0bcwP5dz/h0Plj6enJqjz1Zbq2l5WaqYnrVbwWOWMyF3F47g==

sparse-bitfield@^3.0.3:
  version "3.0.3"
  resolved "https://registry.yarnpkg.com/sparse-bitfield/-/sparse-bitfield-3.0.3.tgz#ff4ae6e68656056ba4b3e792ab3334d38273ca11"
  integrity sha1-/0rm5oZWBWuks+eSqzM004JzyhE=
  dependencies:
    memory-pager "^1.0.2"

string_decoder@^1.1.1:
  version "1.2.0"
  resolved "https://registry.yarnpkg.com/string_decoder/-/string_decoder-1.2.0.tgz#fe86e738b19544afe70469243b2a1ee9240eae8d"
  integrity sha512-6YqyX6ZWEYguAxgZzHGL7SsCeGx3V2TtOTqZz1xSTSWnqsbWwbptafNyvf/ACquZUXV3DANr5BDIwNYe1mN42w==
  dependencies:
    safe-buffer "~5.1.0"

ts-node@^8.0.3:
  version "8.0.3"
  resolved "https://registry.yarnpkg.com/ts-node/-/ts-node-8.0.3.tgz#aa60b836a24dafd8bf21b54766841a232fdbc641"
  integrity sha512-2qayBA4vdtVRuDo11DEFSsD/SFsBXQBRZZhbRGSIkmYmVkWjULn/GGMdG10KVqkaGndljfaTD8dKjWgcejO8YA==
  dependencies:
    arg "^4.1.0"
    diff "^3.1.0"
    make-error "^1.1.1"
    source-map-support "^0.5.6"
    yn "^3.0.0"

typescript@^3.3.4000:
  version "3.3.4000"
  resolved "https://registry.yarnpkg.com/typescript/-/typescript-3.3.4000.tgz#76b0f89cfdbf97827e1112d64f283f1151d6adf0"
  integrity sha512-jjOcCZvpkl2+z7JFn0yBOoLQyLoIkNZAs/fYJkUG6VKy6zLPHJGfQJYFHzibB6GJaF/8QrcECtlQ5cpvRHSMEA==

util-deprecate@^1.0.1:
  version "1.0.2"
  resolved "https://registry.yarnpkg.com/util-deprecate/-/util-deprecate-1.0.2.tgz#450d4dc9fa70de732762fbd2d4a28981419a0ccf"
  integrity sha1-RQ1Nyfpw3nMnYvvS1KKJgUGaDM8=

yn@^3.0.0:
  version "3.0.0"
  resolved "https://registry.yarnpkg.com/yn/-/yn-3.0.0.tgz#0073c6b56e92aed652fbdfd62431f2d6b9a7a091"
  integrity sha512-+Wo/p5VRfxUgBUGy2j/6KX2mj9AYJWOHuhMjMcbBFc3y54o9/4buK1ksBvuiK01C3kby8DH9lSmJdSxw+4G/2Q==
